<?xml version="1.0" encoding="utf-8"?>
<Project ToolsVersion="4.0" xmlns="http://schemas.microsoft.com/developer/msbuild/2003">
  <ItemGroup>
    <Filter Include="Resource Files">
      <UniqueIdentifier>{D9D6E242-F8AF-46E4-B9FD-80ECBC20BA3E}</UniqueIdentifier>
      <Extensions>qrc;*</Extensions>
      <ParseFiles>false</ParseFiles>
    </Filter>
    <Filter Include="Generated Files">
      <UniqueIdentifier>{71ED8ED8-ACB9-4CE9-BBE1-E00B30144E11}</UniqueIdentifier>
      <Extensions>moc;h;cpp</Extensions>
      <SourceControlFiles>False</SourceControlFiles>
    </Filter>
    <Filter Include="settingsdialog">
      <UniqueIdentifier>{f303915b-b76e-4ca0-80d4-8908ee6f7c0d}</UniqueIdentifier>
    </Filter>
    <Filter Include="models">
      <UniqueIdentifier>{48c72fde-1085-45a8-b728-e49ef339273f}</UniqueIdentifier>
    </Filter>
    <Filter Include="viterbiplugin">
      <UniqueIdentifier>{14dc8e20-f853-42a1-b68f-e30ff98476b2}</UniqueIdentifier>
    </Filter>
  </ItemGroup>
  <ItemGroup>
    <ClCompile Include="GeneratedFiles\Debug\moc_settingsdialog.cpp">
      <Filter>Generated Files</Filter>
    </ClCompile>
    <ClCompile Include="GeneratedFiles\debug_dll\moc_settingsdialog.cpp">
      <Filter>Generated Files</Filter>
    </ClCompile>
    <ClCompile Include="GeneratedFiles\Release\moc_settingsdialog.cpp">
      <Filter>Generated Files</Filter>
    </ClCompile>
    <ClCompile Include="GeneratedFiles\debug_dll\moc_viterbiplugin.cpp">
      <Filter>Generated Files</Filter>
    </ClCompile>
    <ClCompile Include="GeneratedFiles\Debug\moc_viterbiplugin.cpp">
      <Filter>Generated Files</Filter>
    </ClCompile>
    <ClCompile Include="GeneratedFiles\Release\moc_viterbiplugin.cpp">
      <Filter>Generated Files</Filter>
    </ClCompile>
    <ClCompile Include="settingsdialog\settingsdialog.cpp">
      <Filter>settingsdialog</Filter>
    </ClCompile>
    <ClCompile Include="viterbiplugin.cpp">
      <Filter>viterbiplugin</Filter>
    </ClCompile>
  </ItemGroup>
  <ItemGroup>
    <ClInclude Include="GeneratedFiles\ui_settingsdialog.h">
      <Filter>Generated Files</Filter>
    </ClInclude>
  </ItemGroup>
  <ItemGroup>
    <CustomBuild Include="settingsdialog\settingsdialog.h">
      <Filter>settingsdialog</Filter>
    </CustomBuild>
    <CustomBuild Include="settingsdialog\settingsdialog.ui">
      <Filter>settingsdialog</Filter>
    </CustomBuild>
    <CustomBuild Include="model\hmmdefs+spau">
      <Filter>models</Filter>
    </CustomBuild>
    <CustomBuild Include="viterbiplugin.h">
      <Filter>viterbiplugin</Filter>
    </CustomBuild>
  </ItemGroup>
</Project>