<?xml version="1.0" encoding="utf-8"?>
<Project ToolsVersion="4.0" xmlns="http://schemas.microsoft.com/developer/msbuild/2003">
  <ItemGroup>
    <Filter Include="Resource Files">
      <UniqueIdentifier>{D9D6E242-F8AF-46E4-B9FD-80ECBC20BA3E}</UniqueIdentifier>
      <Extensions>qrc;*</Extensions>
      <ParseFiles>false</ParseFiles>
    </Filter>
    <Filter Include="Generated Files">
      <UniqueIdentifier>{71ED8ED8-ACB9-4CE9-BBE1-E00B30144E11}</UniqueIdentifier>
      <Extensions>moc;h;cpp</Extensions>
      <SourceControlFiles>False</SourceControlFiles>
    </Filter>
    <Filter Include="settingsdialog">
      <UniqueIdentifier>{07559e5e-3e1e-4830-85b3-66b42df2435d}</UniqueIdentifier>
    </Filter>
    <Filter Include="models">
      <UniqueIdentifier>{e3679903-7d7b-4766-9ae0-227253ead37e}</UniqueIdentifier>
    </Filter>
    <Filter Include="SpeakersCountPlugin">
      <UniqueIdentifier>{96b1592a-376a-4926-be93-d46116062ed5}</UniqueIdentifier>
    </Filter>
  </ItemGroup>
  <ItemGroup>
    <ClCompile Include="GeneratedFiles\debug_dll\moc_settingsdialog.cpp">
      <Filter>Generated Files</Filter>
    </ClCompile>
    <ClCompile Include="GeneratedFiles\Release\moc_settingsdialog.cpp">
      <Filter>Generated Files</Filter>
    </ClCompile>
    <ClCompile Include="GeneratedFiles\Debug\moc_settingsdialog.cpp">
      <Filter>Generated Files</Filter>
    </ClCompile>
    <ClCompile Include="GeneratedFiles\debug_dll\moc_speakerscountplugin.cpp">
      <Filter>Generated Files</Filter>
    </ClCompile>
    <ClCompile Include="GeneratedFiles\Release\moc_speakerscountplugin.cpp">
      <Filter>Generated Files</Filter>
    </ClCompile>
    <ClCompile Include="GeneratedFiles\Debug\moc_speakerscountplugin.cpp">
      <Filter>Generated Files</Filter>
    </ClCompile>
    <ClCompile Include="GeneratedFiles\qrc_res.cpp">
      <Filter>Generated Files</Filter>
    </ClCompile>
    <ClCompile Include="settingsdialog\settingsdialog.cpp">
      <Filter>settingsdialog</Filter>
    </ClCompile>
    <ClCompile Include="speakerscountplugin.cpp">
      <Filter>SpeakersCountPlugin</Filter>
    </ClCompile>
  </ItemGroup>
  <ItemGroup>
    <ClInclude Include="GeneratedFiles\ui_settingsdialog.h">
      <Filter>Generated Files</Filter>
    </ClInclude>
    <ClInclude Include="speakerscountplugin_global.h">
      <Filter>SpeakersCountPlugin</Filter>
    </ClInclude>
  </ItemGroup>
  <ItemGroup>
    <CustomBuildStep Include="settingsdialog\img\Button-Add-icon.png">
      <Filter>Resource Files</Filter>
    </CustomBuildStep>
    <CustomBuildStep Include="settingsdialog\img\Remove-icon.png">
      <Filter>Resource Files</Filter>
    </CustomBuildStep>
  </ItemGroup>
  <ItemGroup>
    <CustomBuild Include="settingsdialog\res.qrc">
      <Filter>Resource Files</Filter>
    </CustomBuild>
    <CustomBuild Include="settingsdialog\settingsdialog.h">
      <Filter>settingsdialog</Filter>
    </CustomBuild>
    <CustomBuild Include="settingsdialog\settingsdialog.ui">
      <Filter>settingsdialog</Filter>
    </CustomBuild>
    <CustomBuild Include="models\pause.gmm">
      <Filter>models</Filter>
    </CustomBuild>
    <CustomBuild Include="models\speech.gmm">
      <Filter>models</Filter>
    </CustomBuild>
    <CustomBuild Include="models\ubm.gmm">
      <Filter>models</Filter>
    </CustomBuild>
    <CustomBuild Include="speakerscountplugin.h">
      <Filter>SpeakersCountPlugin</Filter>
    </CustomBuild>
  </ItemGroup>
</Project>